
Microsoft Visual Studio Solution File, Format Version 12.00
# Visual Studio Version 17
VisualStudioVersion = 17.8.34316.72
MinimumVisualStudioVersion = 10.0.40219.1
Project("{FAE04EC0-301F-11D3-BF4B-00C04F79EFBC}") = "API", "API\API.csproj", "{F18910E3-0627-49BD-A3B6-762C63AB90D2}"
EndProject
Project("{FAE04EC0-301F-11D3-BF4B-00C04F79EFBC}") = "Service", "Service\Service.csproj", "{CEB48B68-728C-47B9-B64C-32757C386B66}"
EndProject
Project("{FAE04EC0-301F-11D3-BF4B-00C04F79EFBC}") = "Data", "Data\Data.csproj", "{146A0A09-D08B-4263-B31E-029ECBCAC279}"
EndProject
Global
	GlobalSection(SolutionConfigurationPlatforms) = preSolution
		Debug|Any CPU = Debug|Any CPU
		Release|Any CPU = Release|Any CPU
	EndGlobalSection
	GlobalSection(ProjectConfigurationPlatforms) = postSolution
		{F18910E3-0627-49BD-A3B6-762C63AB90D2}.Debug|Any CPU.ActiveCfg = Debug|Any CPU
		{F18910E3-0627-49BD-A3B6-762C63AB90D2}.Debug|Any CPU.Build.0 = Debug|Any CPU
		{F18910E3-0627-49BD-A3B6-762C63AB90D2}.Release|Any CPU.ActiveCfg = Release|Any CPU
		{F18910E3-0627-49BD-A3B6-762C63AB90D2}.Release|Any CPU.Build.0 = Release|Any CPU
		{CEB48B68-728C-47B9-B64C-32757C386B66}.Debug|Any CPU.ActiveCfg = Debug|Any CPU
		{CEB48B68-728C-47B9-B64C-32757C386B66}.Debug|Any CPU.Build.0 = Debug|Any CPU
		{CEB48B68-728C-47B9-B64C-32757C386B66}.Release|Any CPU.ActiveCfg = Release|Any CPU
		{CEB48B68-728C-47B9-B64C-32757C386B66}.Release|Any CPU.Build.0 = Release|Any CPU
		{146A0A09-D08B-4263-B31E-029ECBCAC279}.Debug|Any CPU.ActiveCfg = Debug|Any CPU
		{146A0A09-D08B-4263-B31E-029ECBCAC279}.Debug|Any CPU.Build.0 = Debug|Any CPU
		{146A0A09-D08B-4263-B31E-029ECBCAC279}.Release|Any CPU.ActiveCfg = Release|Any CPU
		{146A0A09-D08B-4263-B31E-029ECBCAC279}.Release|Any CPU.Build.0 = Release|Any CPU
	EndGlobalSection
	GlobalSection(SolutionProperties) = preSolution
		HideSolutionNode = FALSE
	EndGlobalSection
	GlobalSection(ExtensibilityGlobals) = postSolution
		SolutionGuid = {8E095253-A678-4BBC-9AD6-3E0A91F4978B}
	EndGlobalSection
EndGlobal
